
Microsoft Visual Studio Solution File, Format Version 12.00
# Visual Studio Version 16
VisualStudioVersion = 16.0.31410.357
MinimumVisualStudioVersion = 10.0.40219.1
Project("{FAE04EC0-301F-11D3-BF4B-00C04F79EFBC}") = "AlgorithmProblems", "AlgorithmProblems\AlgorithmProblems.csproj", "{08C2F4AC-A995-42B2-BA87-17D380B918B2}"
EndProject
Global
	GlobalSection(SolutionConfigurationPlatforms) = preSolution
		Debug|Any CPU = Debug|Any CPU
		Release|Any CPU = Release|Any CPU
	EndGlobalSection
	GlobalSection(ProjectConfigurationPlatforms) = postSolution
		{08C2F4AC-A995-42B2-BA87-17D380B918B2}.Debug|Any CPU.ActiveCfg = Debug|Any CPU
		{08C2F4AC-A995-42B2-BA87-17D380B918B2}.Debug|Any CPU.Build.0 = Debug|Any CPU
		{08C2F4AC-A995-42B2-BA87-17D380B918B2}.Release|Any CPU.ActiveCfg = Release|Any CPU
		{08C2F4AC-A995-42B2-BA87-17D380B918B2}.Release|Any CPU.Build.0 = Release|Any CPU
	EndGlobalSection
	GlobalSection(SolutionProperties) = preSolution
		HideSolutionNode = FALSE
	EndGlobalSection
	GlobalSection(ExtensibilityGlobals) = postSolution
		SolutionGuid = {7C986726-C316-4E52-97D2-A2EF872DF781}
	EndGlobalSection
EndGlobal
